Microsoft Visual Studio Solution File, Format Version 12.00
# Visual Studio Version 16
VisualStudioVersion = 16.0.29326.143
MinimumVisualStudioVersion = 10.0.40219.1
Project("{9A19103F-16F7-4668-BE54-9A1E7A4F7556}") = "PhoneBook_Models", "PhoneBook_Models\PhoneBook_Models.csproj", "{B2573137-25A8-4EB0-9F61-AE734B16AAD9}"
EndProject
Project("{9A19103F-16F7-4668-BE54-9A1E7A4F7556}") = "PhoneBook_Api", "PhoneBook_Api\PhoneBook_Api.csproj", "{66E55B45-EA78-4F8D-AF87-CB3CA104D1A7}"
EndProject
Project("{FAE04EC0-301F-11D3-BF4B-00C04F79EFBC}") = "PhoneBook_Web", "PhoneBook_Web\PhoneBook_Web.csproj", "{901E5FCD-7939-4006-B1D1-93AA3FDACB68}"
EndProject
Global
	GlobalSection(SolutionConfigurationPlatforms) = preSolution
		Debug|Any CPU = Debug|Any CPU
		Release|Any CPU = Release|Any CPU
	EndGlobalSection
	GlobalSection(ProjectConfigurationPlatforms) = postSolution
		{B2573137-25A8-4EB0-9F61-AE734B16AAD9}.Debug|Any CPU.ActiveCfg = Debug|Any CPU
		{B2573137-25A8-4EB0-9F61-AE734B16AAD9}.Debug|Any CPU.Build.0 = Debug|Any CPU
		{B2573137-25A8-4EB0-9F61-AE734B16AAD9}.Release|Any CPU.ActiveCfg = Release|Any CPU
		{B2573137-25A8-4EB0-9F61-AE734B16AAD9}.Release|Any CPU.Build.0 = Release|Any CPU
		{66E55B45-EA78-4F8D-AF87-CB3CA104D1A7}.Debug|Any CPU.ActiveCfg = Debug|Any CPU
		{66E55B45-EA78-4F8D-AF87-CB3CA104D1A7}.Debug|Any CPU.Build.0 = Debug|Any CPU
		{66E55B45-EA78-4F8D-AF87-CB3CA104D1A7}.Release|Any CPU.ActiveCfg = Release|Any CPU
		{66E55B45-EA78-4F8D-AF87-CB3CA104D1A7}.Release|Any CPU.Build.0 = Release|Any CPU
		{901E5FCD-7939-4006-B1D1-93AA3FDACB68}.Debug|Any CPU.ActiveCfg = Debug|Any CPU
		{901E5FCD-7939-4006-B1D1-93AA3FDACB68}.Debug|Any CPU.Build.0 = Debug|Any CPU
		{901E5FCD-7939-4006-B1D1-93AA3FDACB68}.Release|Any CPU.ActiveCfg = Release|Any CPU
		{901E5FCD-7939-4006-B1D1-93AA3FDACB68}.Release|Any CPU.Build.0 = Release|Any CPU
	EndGlobalSection
	GlobalSection(SolutionProperties) = preSolution
		HideSolutionNode = FALSE
	EndGlobalSection
	GlobalSection(ExtensibilityGlobals) = postSolution
		SolutionGuid = {DE54C5E9-8415-4DF9-B18F-7E1ADBA28724}
	EndGlobalSection
	GlobalSection(MonoDevelopProperties) = preSolution
		Policies = $0
		$0.DotNetNamingPolicy = $1
		$1.DirectoryNamespaceAssociation = PrefixedHierarchical
		$0.StandardHeader = $2
		$0.VersionControlPolicy = $3
	EndGlobalSection
EndGlobal
